// !$*UTF8*$!
{
	archiveVersion = 1;
	classes = {
	};
	objectVersion = 50;
	objects = {

/* Begin PBXBuildFile section */
		DEC52C842820D261002AFA26 /* AppDelegate.swift in Sources */ = {isa = PBXBuildFile; fileRef = DEC52C832820D261002AFA26 /* AppDelegate.swift */; };
		DEC52C862820D261002AFA26 /* SceneDelegate.swift in Sources */ = {isa = PBXBuildFile; fileRef = DEC52C852820D261002AFA26 /* SceneDelegate.swift */; };
		DEC52C882820D261002AFA26 /* LoginViewController.swift in Sources */ = {isa = PBXBuildFile; fileRef = DEC52C872820D261002AFA26 /* LoginViewController.swift */; };
		DEC52C8B2820D261002AFA26 /* Main.storyboard in Resources */ = {isa = PBXBuildFile; fileRef = DEC52C892820D261002AFA26 /* Main.storyboard */; };
		DEC52C902820D268002AFA26 /* LaunchScreen.storyboard in Resources */ = {isa = PBXBuildFile; fileRef = DEC52C8E2820D268002AFA26 /* LaunchScreen.storyboard */; };
		DEC52C9C282103C5002AFA26 /* background_bmi.jpeg in Resources */ = {isa = PBXBuildFile; fileRef = DEC52C99282103C5002AFA26 /* background_bmi.jpeg */; };
		DEC52C9D282103C5002AFA26 /* background_bmi@3x.jpeg in Resources */ = {isa = PBXBuildFile; fileRef = DEC52C9A282103C5002AFA26 /* background_bmi@3x.jpeg */; };
		DEC52C9E282103C5002AFA26 /* background_bmi@2x.jpeg in Resources */ = {isa = PBXBuildFile; fileRef = DEC52C9B282103C5002AFA26 /* background_bmi@2x.jpeg */; };
		DEC52CA0282120BA002AFA26 /* BMIViewController.swift in Sources */ = {isa = PBXBuildFile; fileRef = DEC52C9F282120BA002AFA26 /* BMIViewController.swift */; };
		DEC52CA22821B686002AFA26 /* Assets.xcassets in Resources */ = {isa = PBXBuildFile; fileRef = DEC52CA12821B686002AFA26 /* Assets.xcassets */; };
/* End PBXBuildFile section */

/* Begin PBXFileReference section */
		DEC52C802820D261002AFA26 /* BMI Calculator.app */ = {isa = PBXFileReference; explicitFileType = wrapper.application; includeInIndex = 0; path = "BMI Calculator.app"; sourceTree = BUILT_PRODUCTS_DIR; };
		DEC52C832820D261002AFA26 /* AppDelegate.swift */ = {isa = PBXFileReference; lastKnownFileType = sourcecode.swift; path = AppDelegate.swift; sourceTree = "<group>"; };
		DEC52C852820D261002AFA26 /* SceneDelegate.swift */ = {isa = PBXFileReference; lastKnownFileType = sourcecode.swift; path = SceneDelegate.swift; sourceTree = "<group>"; };
		DEC52C872820D261002AFA26 /* LoginViewController.swift */ = {isa = PBXFileReference; lastKnownFileType = sourcecode.swift; path = LoginViewController.swift; sourceTree = "<group>"; };
		DEC52C8A2820D261002AFA26 /* Base */ = {isa = PBXFileReference; lastKnownFileType = file.storyboard; name = Base; path = Base.lproj/Main.storyboard; sourceTree = "<group>"; };
		DEC52C8F2820D268002AFA26 /* Base */ = {isa = PBXFileReference; lastKnownFileType = file.storyboard; name = Base; path = Base.lproj/LaunchScreen.storyboard; sourceTree = "<group>"; };
		DEC52C912820D268002AFA26 /* Info.plist */ = {isa = PBXFileReference; lastKnownFileType = text.plist.xml; path = Info.plist; sourceTree = "<group>"; };
		DEC52C99282103C5002AFA26 /* background_bmi.jpeg */ = {isa = PBXFileReference; lastKnownFileType = image.jpeg; path = background_bmi.jpeg; sourceTree = "<group>"; };
		DEC52C9A282103C5002AFA26 /* background_bmi@3x.jpeg */ = {isa = PBXFileReference; lastKnownFileType = image.jpeg; path = "background_bmi@3x.jpeg"; sourceTree = "<group>"; };
		DEC52C9B282103C5002AFA26 /* background_bmi@2x.jpeg */ = {isa = PBXFileReference; lastKnownFileType = image.jpeg; path = "background_bmi@2x.jpeg"; sourceTree = "<group>"; };
		DEC52C9F282120BA002AFA26 /* BMIViewController.swift */ = {isa = PBXFileReference; lastKnownFileType = sourcecode.swift; path = BMIViewController.swift; sourceTree = "<group>"; };
		DEC52CA12821B686002AFA26 /* Assets.xcassets */ = {isa = PBXFileReference; lastKnownFileType = folder.assetcatalog; path = Assets.xcassets; sourceTree = "<group>"; };
/* End PBXFileReference section */

/* Begin PBXFrameworksBuildPhase section */
		DEC52C7D2820D261002AFA26 /* Frameworks */ = {
			isa = PBXFrameworksBuildPhase;
			buildActionMask = 2147483647;
			files = (
			);
			runOnlyForDeploymentPostprocessing = 0;
		};
/* End PBXFrameworksBuildPhase section */

/* Begin PBXGroup section */
		DEC52C772820D261002AFA26 = {
			isa = PBXGroup;
			children = (
				DEC52C822820D261002AFA26 /* BMI Calculator */,
				DEC52C812820D261002AFA26 /* Products */,
			);
			sourceTree = "<group>";
		};
		DEC52C812820D261002AFA26 /* Products */ = {
			isa = PBXGroup;
			children = (
				DEC52C802820D261002AFA26 /* BMI Calculator.app */,
			);
			name = Products;
			sourceTree = "<group>";
		};
		DEC52C822820D261002AFA26 /* BMI Calculator */ = {
			isa = PBXGroup;
			children = (
				DEC52C97282101CC002AFA26 /* resources */,
				DEC52C832820D261002AFA26 /* AppDelegate.swift */,
				DEC52C852820D261002AFA26 /* SceneDelegate.swift */,
				DEC52C872820D261002AFA26 /* LoginViewController.swift */,
				DEC52CA12821B686002AFA26 /* Assets.xcassets */,
				DEC52C892820D261002AFA26 /* Main.storyboard */,
				DEC52C9F282120BA002AFA26 /* BMIViewController.swift */,
				DEC52C8E2820D268002AFA26 /* LaunchScreen.storyboard */,
				DEC52C912820D268002AFA26 /* Info.plist */,
			);
			path = "BMI Calculator";
			sourceTree = "<group>";
		};
		DEC52C97282101CC002AFA26 /* resources */ = {
			isa = PBXGroup;
			children = (
				DEC52C98282101D4002AFA26 /* background */,
			);
			path = resources;
			sourceTree = "<group>";
		};
		DEC52C98282101D4002AFA26 /* background */ = {
			isa = PBXGroup;
			children = (
				DEC52C99282103C5002AFA26 /* background_bmi.jpeg */,
				DEC52C9B282103C5002AFA26 /* background_bmi@2x.jpeg */,
				DEC52C9A282103C5002AFA26 /* background_bmi@3x.jpeg */,
			);
			path = background;
			sourceTree = "<group>";
		};
/* End PBXGroup section */

/* Begin PBXNativeTarget section */
		DEC52C7F2820D261002AFA26 /* BMI Calculator */ = {
			isa = PBXNativeTarget;
			buildConfigurationList = DEC52C942820D268002AFA26 /* Build configuration list for PBXNativeTarget "BMI Calculator" */;
			buildPhases = (
				DEC52C7C2820D261002AFA26 /* Sources */,
				DEC52C7D2820D261002AFA26 /* Frameworks */,
				DEC52C7E2820D261002AFA26 /* Resources */,
			);
			buildRules = (
			);
			dependencies = (
			);
			name = "BMI Calculator";
			productName = "BMI Calculator";
			productReference = DEC52C802820D261002AFA26 /* BMI Calculator.app */;
			productType = "com.apple.product-type.application";
		};
/* End PBXNativeTarget section */

/* Begin PBXProject section */
		DEC52C782820D261002AFA26 /* Project object */ = {
			isa = PBXProject;
			attributes = {
				LastSwiftUpdateCheck = 1250;
				LastUpgradeCheck = 1250;
				TargetAttributes = {
					DEC52C7F2820D261002AFA26 = {
						CreatedOnToolsVersion = 12.5.1;
					};
				};
			};
			buildConfigurationList = DEC52C7B2820D261002AFA26 /* Build configuration list for PBXProject "BMI Calculator" */;
			compatibilityVersion = "Xcode 9.3";
			developmentRegion = en;
			hasScannedForEncodings = 0;
			knownRegions = (
				en,
				Base,
			);
			mainGroup = DEC52C772820D261002AFA26;
			productRefGroup = DEC52C812820D261002AFA26 /* Products */;
			projectDirPath = "";
			projectRoot = "";
			targets = (
				DEC52C7F2820D261002AFA26 /* BMI Calculator */,
			);
		};
/* End PBXProject section */

/* Begin PBXResourcesBuildPhase section */
		DEC52C7E2820D261002AFA26 /* Resources */ = {
			isa = PBXResourcesBuildPhase;
			buildActionMask = 2147483647;
			files = (
				DEC52C902820D268002AFA26 /* LaunchScreen.storyboard in Resources */,
				DEC52C9C282103C5002AFA26 /* background_bmi.jpeg in Resources */,
				DEC52C8B2820D261002AFA26 /* Main.storyboard in Resources */,
				DEC52C9D282103C5002AFA26 /* background_bmi@3x.jpeg in Resources */,
				DEC52CA22821B686002AFA26 /* Assets.xcassets in Resources */,
				DEC52C9E282103C5002AFA26 /* background_bmi@2x.jpeg in Resources */,
			);
			runOnlyForDeploymentPostprocessing = 0;
		};
/* End PBXResourcesBuildPhase section */

/* Begin PBXSourcesBuildPhase section */
		DEC52C7C2820D261002AFA26 /* Sources */ = {
			isa = PBXSourcesBuildPhase;
			buildActionMask = 2147483647;
			files = (
				DEC52C882820D261002AFA26 /* LoginViewController.swift in Sources */,
				DEC52CA0282120BA002AFA26 /* BMIViewController.swift in Sources */,
				DEC52C842820D261002AFA26 /* AppDelegate.swift in Sources */,
				DEC52C862820D261002AFA26 /* SceneDelegate.swift in Sources */,
			);
			runOnlyForDeploymentPostprocessing = 0;
		};
/* End PBXSourcesBuildPhase section */

/* Begin PBXVariantGroup section */
		DEC52C892820D261002AFA26 /* Main.storyboard */ = {
			isa = PBXVariantGroup;
			children = (
				DEC52C8A2820D261002AFA26 /* Base */,
			);
			name = Main.storyboard;
			sourceTree = "<group>";
		};
		DEC52C8E2820D268002AFA26 /* LaunchScreen.storyboard */ = {
			isa = PBXVariantGroup;
			children = (
				DEC52C8F2820D268002AFA26 /* Base */,
			);
			name = LaunchScreen.storyboard;
			sourceTree = "<group>";
		};
/* End PBXVariantGroup section */

/* Begin XCBuildConfiguration section */
		DEC52C922820D268002AFA26 /* Debug */ = {
			isa = XCBuildConfiguration;
			buildSettings = {
				ALWAYS_SEARCH_USER_PATHS = NO;
				CLANG_ANALYZER_NONNULL = YES;
				CLANG_ANALYZER_NUMBER_OBJECT_CONVERSION = YES_AGGRESSIVE;
				CLANG_CXX_LANGUAGE_STANDARD = "gnu++14";
				CLANG_CXX_LIBRARY = "libc++";
				CLANG_ENABLE_MODULES = YES;
				CLANG_ENABLE_OBJC_ARC = YES;
				CLANG_ENABLE_OBJC_WEAK = YES;
				CLANG_WARN_BLOCK_CAPTURE_AUTORELEASING = YES;
				CLANG_WARN_BOOL_CONVERSION = YES;
				CLANG_WARN_COMMA = YES;
				CLANG_WARN_CONSTANT_CONVERSION = YES;
				CLANG_WARN_DEPRECATED_OBJC_IMPLEMENTATIONS = YES;
				CLANG_WARN_DIRECT_OBJC_ISA_USAGE = YES_ERROR;
				CLANG_WARN_DOCUMENTATION_COMMENTS = YES;
				CLANG_WARN_EMPTY_BODY = YES;
				CLANG_WARN_ENUM_CONVERSION = YES;
				CLANG_WARN_INFINITE_RECURSION = YES;
				CLANG_WARN_INT_CONVERSION = YES;
				CLANG_WARN_NON_LITERAL_NULL_CONVERSION = YES;
				CLANG_WARN_OBJC_IMPLICIT_RETAIN_SELF = YES;
				CLANG_WARN_OBJC_LITERAL_CONVERSION = YES;
				CLANG_WARN_OBJC_ROOT_CLASS = YES_ERROR;
				CLANG_WARN_QUOTED_INCLUDE_IN_FRAMEWORK_HEADER = YES;
				CLANG_WARN_RANGE_LOOP_ANALYSIS = YES;
				CLANG_WARN_STRICT_PROTOTYPES = YES;
				CLANG_WARN_SUSPICIOUS_MOVE = YES;
				CLANG_WARN_UNGUARDED_AVAILABILITY = YES_AGGRESSIVE;
				CLANG_WARN_UNREACHABLE_CODE = YES;
				CLANG_WARN__DUPLICATE_METHOD_MATCH = YES;
				COPY_PHASE_STRIP = NO;
				DEBUG_INFORMATION_FORMAT = dwarf;
				ENABLE_STRICT_OBJC_MSGSEND = YES;
				ENABLE_TESTABILITY = YES;
				GCC_C_LANGUAGE_STANDARD = gnu11;
				GCC_DYNAMIC_NO_PIC = NO;
				GCC_NO_COMMON_BLOCKS = YES;
				GCC_OPTIMIZATION_LEVEL = 0;
				GCC_PREPROCESSOR_DEFINITIONS = (
					"DEBUG=1",
					"$(inherited)",
				);
				GCC_WARN_64_TO_32_BIT_CONVERSION = YES;
				GCC_WARN_ABOUT_RETURN_TYPE = YES_ERROR;
				GCC_WARN_UNDECLARED_SELECTOR = YES;
				GCC_WARN_UNINITIALIZED_AUTOS = YES_AGGRESSIVE;
				GCC_WARN_UNUSED_FUNCTION = YES;
				GCC_WARN_UNUSED_VARIABLE = YES;
				IPHONEOS_DEPLOYMENT_TARGET = 14.5;
				MTL_ENABLE_DEBUG_INFO = INCLUDE_SOURCE;
				MTL_FAST_MATH = YES;
				ONLY_ACTIVE_ARCH = YES;
				SDKROOT = iphoneos;
				SWIFT_ACTIVE_COMPILATION_CONDITIONS = DEBUG;
				SWIFT_OPTIMIZATION_LEVEL = "-Onone";
			};
			name = Debug;
		};
		DEC52C932820D268002AFA26 /* Release */ = {
			isa = XCBuildConfiguration;
			buildSettings = {
				ALWAYS_SEARCH_USER_PATHS = NO;
				CLANG_ANALYZER_NONNULL = YES;
				CLANG_ANALYZER_NUMBER_OBJECT_CONVERSION = YES_AGGRESSIVE;
				CLANG_CXX_LANGUAGE_STANDARD = "gnu++14";
				CLANG_CXX_LIBRARY = "libc++";
				CLANG_ENABLE_MODULES = YES;
				CLANG_ENABLE_OBJC_ARC = YES;
				CLANG_ENABLE_OBJC_WEAK = YES;
				CLANG_WARN_BLOCK_CAPTURE_AUTORELEASING = YES;
				CLANG_WARN_BOOL_CONVERSION = YES;
				CLANG_WARN_COMMA = YES;
				CLANG_WARN_CONSTANT_CONVERSION = YES;
				CLANG_WARN_DEPRECATED_OBJC_IMPLEMENTATIONS = YES;
				CLANG_WARN_DIRECT_OBJC_ISA_USAGE = YES_ERROR;
				CLANG_WARN_DOCUMENTATION_COMMENTS = YES;
				CLANG_WARN_EMPTY_BODY = YES;
				CLANG_WARN_ENUM_CONVERSION = YES;
				CLANG_WARN_INFINITE_RECURSION = YES;
				CLANG_WARN_INT_CONVERSION = YES;
				CLANG_WARN_NON_LITERAL_NULL_CONVERSION = YES;
				CLANG_WARN_OBJC_IMPLICIT_RETAIN_SELF = YES;
				CLANG_WARN_OBJC_LITERAL_CONVERSION = YES;
				CLANG_WARN_OBJC_ROOT_CLASS = YES_ERROR;
				CLANG_WARN_QUOTED_INCLUDE_IN_FRAMEWORK_HEADER = YES;
				CLANG_WARN_RANGE_LOOP_ANALYSIS = YES;
				CLANG_WARN_STRICT_PROTOTYPES = YES;
				CLANG_WARN_SUSPICIOUS_MOVE = YES;
				CLANG_WARN_UNGUARDED_AVAILABILITY = YES_AGGRESSIVE;
				CLANG_WARN_UNREACHABLE_CODE = YES;
				CLANG_WARN__DUPLICATE_METHOD_MATCH = YES;
				COPY_PHASE_STRIP = NO;
				DEBUG_INFORMATION_FORMAT = "dwarf-with-dsym";
				ENABLE_NS_ASSERTIONS = NO;
				ENABLE_STRICT_OBJC_MSGSEND = YES;
				GCC_C_LANGUAGE_STANDARD = gnu11;
				GCC_NO_COMMON_BLOCKS = YES;
				GCC_WARN_64_TO_32_BIT_CONVERSION = YES;
				GCC_WARN_ABOUT_RETURN_TYPE = YES_ERROR;
				GCC_WARN_UNDECLARED_SELECTOR = YES;
				GCC_WARN_UNINITIALIZED_AUTOS = YES_AGGRESSIVE;
				GCC_WARN_UNUSED_FUNCTION = YES;
				GCC_WARN_UNUSED_VARIABLE = YES;
				IPHONEOS_DEPLOYMENT_TARGET = 14.5;
				MTL_ENABLE_DEBUG_INFO = NO;
				MTL_FAST_MATH = YES;
				SDKROOT = iphoneos;
				SWIFT_COMPILATION_MODE = wholemodule;
				SWIFT_OPTIMIZATION_LEVEL = "-O";
				VALIDATE_PRODUCT = YES;
			};
			name = Release;
		};
		DEC52C952820D268002AFA26 /* Debug */ = {
			isa = XCBuildConfiguration;
			buildSettings = {
				ASSETCATALOG_COMPILER_APPICON_NAME = AppIcon;
				ASSETCATALOG_COMPILER_GLOBAL_ACCENT_COLOR_NAME = AccentColor;
				CODE_SIGN_STYLE = Automatic;
				DEVELOPMENT_TEAM = HUKMQ66HL2;
				INFOPLIST_FILE = "BMI Calculator/Info.plist";
				LD_RUNPATH_SEARCH_PATHS = (
					"$(inherited)",
					"@executable_path/Frameworks",
				);
				PRODUCT_BUNDLE_IDENTIFIER = "Personal.BMI-Calculator";
				PRODUCT_NAME = "$(TARGET_NAME)";
				SWIFT_VERSION = 5.0;
				TARGETED_DEVICE_FAMILY = "1,2";
			};
			name = Debug;
		};
		DEC52C962820D268002AFA26 /* Release */ = {
			isa = XCBuildConfiguration;
			buildSettings = {
				ASSETCATALOG_COMPILER_APPICON_NAME = AppIcon;
				ASSETCATALOG_COMPILER_GLOBAL_ACCENT_COLOR_NAME = AccentColor;
				CODE_SIGN_STYLE = Automatic;
				DEVELOPMENT_TEAM = HUKMQ66HL2;
				INFOPLIST_FILE = "BMI Calculator/Info.plist";
				LD_RUNPATH_SEARCH_PATHS = (
					"$(inherited)",
					"@executable_path/Frameworks",
				);
				PRODUCT_BUNDLE_IDENTIFIER = "Personal.BMI-Calculator";
				PRODUCT_NAME = "$(TARGET_NAME)";
				SWIFT_VERSION = 5.0;
				TARGETED_DEVICE_FAMILY = "1,2";
			};
			name = Release;
		};
/* End XCBuildConfiguration section */

/* Begin XCConfigurationList section */
		DEC52C7B2820D261002AFA26 /* Build configuration list for PBXProject "BMI Calculator" */ = {
			isa = XCConfigurationList;
			buildConfigurations = (
				DEC52C922820D268002AFA26 /* Debug */,
				DEC52C932820D268002AFA26 /* Release */,
			);
			defaultConfigurationIsVisible = 0;
			defaultConfigurationName = Release;
		};
		DEC52C942820D268002AFA26 /* Build configuration list for PBXNativeTarget "BMI Calculator" */ = {
			isa = XCConfigurationList;
			buildConfigurations = (
				DEC52C952820D268002AFA26 /* Debug */,
				DEC52C962820D268002AFA26 /* Release */,
			);
			defaultConfigurationIsVisible = 0;
			defaultConfigurationName = Release;
		};
/* End XCConfigurationList section */
	};
	rootObject = DEC52C782820D261002AFA26 /* Project object */;
}
